// !$*UTF8*$!
{
	archiveVersion = 1;
	classes = {
	};
	objectVersion = 46;
	objects = {

/* Begin PBXBuildFile section */
		8950C73CF0B1E944D53EB83C /* Pods_Parse_Instagram_Clone.framework in Frameworks */ = {isa = PBXBuildFile; fileRef = 54DF4CFE904C4F7C6194763C /* Pods_Parse_Instagram_Clone.framework */; };
		FC3FA5531E48E281007BD089 /* AppDelegate.swift in Sources */ = {isa = PBXBuildFile; fileRef = FC3FA5521E48E281007BD089 /* AppDelegate.swift */; };
		FC3FA5551E48E281007BD089 /* feedVC.swift in Sources */ = {isa = PBXBuildFile; fileRef = FC3FA5541E48E281007BD089 /* feedVC.swift */; };
		FC3FA5571E48E281007BD089 /* uploadVC.swift in Sources */ = {isa = PBXBuildFile; fileRef = FC3FA5561E48E281007BD089 /* uploadVC.swift */; };
		FC3FA55A1E48E281007BD089 /* Main.storyboard in Resources */ = {isa = PBXBuildFile; fileRef = FC3FA5581E48E281007BD089 /* Main.storyboard */; };
		FC3FA55C1E48E281007BD089 /* Assets.xcassets in Resources */ = {isa = PBXBuildFile; fileRef = FC3FA55B1E48E281007BD089 /* Assets.xcassets */; };
		FC3FA55F1E48E281007BD089 /* LaunchScreen.storyboard in Resources */ = {isa = PBXBuildFile; fileRef = FC3FA55D1E48E281007BD089 /* LaunchScreen.storyboard */; };
		FC3FA5671E48E429007BD089 /* signUpVC.swift in Sources */ = {isa = PBXBuildFile; fileRef = FC3FA5661E48E429007BD089 /* signUpVC.swift */; };
		FC3FA5691E490027007BD089 /* feedCell.swift in Sources */ = {isa = PBXBuildFile; fileRef = FC3FA5681E490027007BD089 /* feedCell.swift */; };
		FC3FA56B1E4A2DD3007BD089 /* tapmegreen.png in Resources */ = {isa = PBXBuildFile; fileRef = FC3FA56A1E4A2DD3007BD089 /* tapmegreen.png */; };
/* End PBXBuildFile section */

/* Begin PBXFileReference section */
		54DF4CFE904C4F7C6194763C /* Pods_Parse_Instagram_Clone.framework */ = {isa = PBXFileReference; explicitFileType = wrapper.framework; includeInIndex = 0; path = Pods_Parse_Instagram_Clone.framework; sourceTree = BUILT_PRODUCTS_DIR; };
		C9E310B35800716A95271442 /* Pods-Parse Instagram Clone.release.xcconfig */ = {isa = PBXFileReference; includeInIndex = 1; lastKnownFileType = text.xcconfig; name = "Pods-Parse Instagram Clone.release.xcconfig"; path = "Pods/Target Support Files/Pods-Parse Instagram Clone/Pods-Parse Instagram Clone.release.xcconfig"; sourceTree = "<group>"; };
		E55BB127CCDF158C83618107 /* Pods-Parse Instagram Clone.debug.xcconfig */ = {isa = PBXFileReference; includeInIndex = 1; lastKnownFileType = text.xcconfig; name = "Pods-Parse Instagram Clone.debug.xcconfig"; path = "Pods/Target Support Files/Pods-Parse Instagram Clone/Pods-Parse Instagram Clone.debug.xcconfig"; sourceTree = "<group>"; };
		FC3FA54F1E48E281007BD089 /* Parse Instagram Clone.app */ = {isa = PBXFileReference; explicitFileType = wrapper.application; includeInIndex = 0; path = "Parse Instagram Clone.app"; sourceTree = BUILT_PRODUCTS_DIR; };
		FC3FA5521E48E281007BD089 /* AppDelegate.swift */ = {isa = PBXFileReference; lastKnownFileType = sourcecode.swift; path = AppDelegate.swift; sourceTree = "<group>"; };
		FC3FA5541E48E281007BD089 /* feedVC.swift */ = {isa = PBXFileReference; lastKnownFileType = sourcecode.swift; path = feedVC.swift; sourceTree = "<group>"; };
		FC3FA5561E48E281007BD089 /* uploadVC.swift */ = {isa = PBXFileReference; lastKnownFileType = sourcecode.swift; path = uploadVC.swift; sourceTree = "<group>"; };
		FC3FA5591E48E281007BD089 /* Base */ = {isa = PBXFileReference; lastKnownFileType = file.storyboard; name = Base; path = Base.lproj/Main.storyboard; sourceTree = "<group>"; };
		FC3FA55B1E48E281007BD089 /* Assets.xcassets */ = {isa = PBXFileReference; lastKnownFileType = folder.assetcatalog; path = Assets.xcassets; sourceTree = "<group>"; };
		FC3FA55E1E48E281007BD089 /* Base */ = {isa = PBXFileReference; lastKnownFileType = file.storyboard; name = Base; path = Base.lproj/LaunchScreen.storyboard; sourceTree = "<group>"; };
		FC3FA5601E48E281007BD089 /* Info.plist */ = {isa = PBXFileReference; lastKnownFileType = text.plist.xml; path = Info.plist; sourceTree = "<group>"; };
		FC3FA5661E48E429007BD089 /* signUpVC.swift */ = {isa = PBXFileReference; fileEncoding = 4; lastKnownFileType = sourcecode.swift; path = signUpVC.swift; sourceTree = "<group>"; };
		FC3FA5681E490027007BD089 /* feedCell.swift */ = {isa = PBXFileReference; fileEncoding = 4; lastKnownFileType = sourcecode.swift; path = feedCell.swift; sourceTree = "<group>"; };
		FC3FA56A1E4A2DD3007BD089 /* tapmegreen.png */ = {isa = PBXFileReference; lastKnownFileType = image.png; path = tapmegreen.png; sourceTree = "<group>"; };
		FC3FA56C1E4A4694007BD089 /* Parse Instagram Clone.entitlements */ = {isa = PBXFileReference; lastKnownFileType = text.plist.entitlements; path = "Parse Instagram Clone.entitlements"; sourceTree = "<group>"; };
/* End PBXFileReference section */

/* Begin PBXFrameworksBuildPhase section */
		FC3FA54C1E48E281007BD089 /* Frameworks */ = {
			isa = PBXFrameworksBuildPhase;
			buildActionMask = 2147483647;
			files = (
				8950C73CF0B1E944D53EB83C /* Pods_Parse_Instagram_Clone.framework in Frameworks */,
			);
			runOnlyForDeploymentPostprocessing = 0;
		};
/* End PBXFrameworksBuildPhase section */

/* Begin PBXGroup section */
		60A27DE8554644547252A9D9 /* Pods */ = {
			isa = PBXGroup;
			children = (
				E55BB127CCDF158C83618107 /* Pods-Parse Instagram Clone.debug.xcconfig */,
				C9E310B35800716A95271442 /* Pods-Parse Instagram Clone.release.xcconfig */,
			);
			name = Pods;
			sourceTree = "<group>";
		};
		EE1A2049A0B11C27D4280270 /* Frameworks */ = {
			isa = PBXGroup;
			children = (
				54DF4CFE904C4F7C6194763C /* Pods_Parse_Instagram_Clone.framework */,
			);
			name = Frameworks;
			sourceTree = "<group>";
		};
		FC3FA5461E48E281007BD089 = {
			isa = PBXGroup;
			children = (
				FC3FA5511E48E281007BD089 /* Parse Instagram Clone */,
				FC3FA5501E48E281007BD089 /* Products */,
				60A27DE8554644547252A9D9 /* Pods */,
				EE1A2049A0B11C27D4280270 /* Frameworks */,
			);
			sourceTree = "<group>";
		};
		FC3FA5501E48E281007BD089 /* Products */ = {
			isa = PBXGroup;
			children = (
				FC3FA54F1E48E281007BD089 /* Parse Instagram Clone.app */,
			);
			name = Products;
			sourceTree = "<group>";
		};
		FC3FA5511E48E281007BD089 /* Parse Instagram Clone */ = {
			isa = PBXGroup;
			children = (
				FC3FA56C1E4A4694007BD089 /* Parse Instagram Clone.entitlements */,
				FC3FA56A1E4A2DD3007BD089 /* tapmegreen.png */,
				FC3FA5521E48E281007BD089 /* AppDelegate.swift */,
				FC3FA5541E48E281007BD089 /* feedVC.swift */,
				FC3FA5681E490027007BD089 /* feedCell.swift */,
				FC3FA5561E48E281007BD089 /* uploadVC.swift */,
				FC3FA5661E48E429007BD089 /* signUpVC.swift */,
				FC3FA5581E48E281007BD089 /* Main.storyboard */,
				FC3FA55B1E48E281007BD089 /* Assets.xcassets */,
				FC3FA55D1E48E281007BD089 /* LaunchScreen.storyboard */,
				FC3FA5601E48E281007BD089 /* Info.plist */,
			);
			path = "Parse Instagram Clone";
			sourceTree = "<group>";
		};
/* End PBXGroup section */

/* Begin PBXNativeTarget section */
		FC3FA54E1E48E281007BD089 /* Parse Instagram Clone */ = {
			isa = PBXNativeTarget;
			buildConfigurationList = FC3FA5631E48E281007BD089 /* Build configuration list for PBXNativeTarget "Parse Instagram Clone" */;
			buildPhases = (
				3AAF98690F8C4AACC2359625 /* [CP] Check Pods Manifest.lock */,
				FC3FA54B1E48E281007BD089 /* Sources */,
				FC3FA54C1E48E281007BD089 /* Frameworks */,
				FC3FA54D1E48E281007BD089 /* Resources */,
				46BFA97DF14C0588CD047FD5 /* [CP] Embed Pods Frameworks */,
				797CA37409C89DB5EA50D3C6 /* [CP] Copy Pods Resources */,
			);
			buildRules = (
			);
			dependencies = (
			);
			name = "Parse Instagram Clone";
			productName = "Parse Instagram Clone";
			productReference = FC3FA54F1E48E281007BD089 /* Parse Instagram Clone.app */;
			productType = "com.apple.product-type.application";
		};
/* End PBXNativeTarget section */

/* Begin PBXProject section */
		FC3FA5471E48E281007BD089 /* Project object */ = {
			isa = PBXProject;
			attributes = {
				LastSwiftUpdateCheck = 0820;
				LastUpgradeCheck = 0820;
				ORGANIZATIONNAME = "Atıl Samancıoğlu";
				TargetAttributes = {
					FC3FA54E1E48E281007BD089 = {
						CreatedOnToolsVersion = 8.2.1;
						DevelopmentTeam = 7SH627DBA4;
						ProvisioningStyle = Automatic;
						SystemCapabilities = {
							com.apple.BackgroundModes = {
								enabled = 1;
							};
							com.apple.Keychain = {
								enabled = 1;
							};
							com.apple.Push = {
								enabled = 1;
							};
						};
					};
				};
			};
			buildConfigurationList = FC3FA54A1E48E281007BD089 /* Build configuration list for PBXProject "Parse Instagram Clone" */;
			compatibilityVersion = "Xcode 3.2";
			developmentRegion = English;
			hasScannedForEncodings = 0;
			knownRegions = (
				en,
				Base,
			);
			mainGroup = FC3FA5461E48E281007BD089;
			productRefGroup = FC3FA5501E48E281007BD089 /* Products */;
			projectDirPath = "";
			projectRoot = "";
			targets = (
				FC3FA54E1E48E281007BD089 /* Parse Instagram Clone */,
			);
		};
/* End PBXProject section */

/* Begin PBXResourcesBuildPhase section */
		FC3FA54D1E48E281007BD089 /* Resources */ = {
			isa = PBXResourcesBuildPhase;
			buildActionMask = 2147483647;
			files = (
				FC3FA55F1E48E281007BD089 /* LaunchScreen.storyboard in Resources */,
				FC3FA56B1E4A2DD3007BD089 /* tapmegreen.png in Resources */,
				FC3FA55C1E48E281007BD089 /* Assets.xcassets in Resources */,
				FC3FA55A1E48E281007BD089 /* Main.storyboard in Resources */,
			);
			runOnlyForDeploymentPostprocessing = 0;
		};
/* End PBXResourcesBuildPhase section */

/* Begin PBXShellScriptBuildPhase section */
		3AAF98690F8C4AACC2359625 /* [CP] Check Pods Manifest.lock */ = {
			isa = PBXShellScriptBuildPhase;
			buildActionMask = 2147483647;
			files = (
			);
			inputPaths = (
			);
			name = "[CP] Check Pods Manifest.lock";
			outputPaths = (
			);
			runOnlyForDeploymentPostprocessing = 0;
			shellPath = /bin/sh;
			shellScript = "diff \"${PODS_ROOT}/../Podfile.lock\" \"${PODS_ROOT}/Manifest.lock\" > /dev/null\nif [ $? != 0 ] ; then\n    # print error to STDERR\n    echo \"error: The sandbox is not in sync with the Podfile.lock. Run 'pod install' or update your CocoaPods installation.\" >&2\n    exit 1\nfi\n";
			showEnvVarsInLog = 0;
		};
		46BFA97DF14C0588CD047FD5 /* [CP] Embed Pods Frameworks */ = {
			isa = PBXShellScriptBuildPhase;
			buildActionMask = 2147483647;
			files = (
			);
			inputPaths = (
			);
			name = "[CP] Embed Pods Frameworks";
			outputPaths = (
			);
			runOnlyForDeploymentPostprocessing = 0;
			shellPath = /bin/sh;
			shellScript = "\"${SRCROOT}/Pods/Target Support Files/Pods-Parse Instagram Clone/Pods-Parse Instagram Clone-frameworks.sh\"\n";
			showEnvVarsInLog = 0;
		};
		797CA37409C89DB5EA50D3C6 /* [CP] Copy Pods Resources */ = {
			isa = PBXShellScriptBuildPhase;
			buildActionMask = 2147483647;
			files = (
			);
			inputPaths = (
			);
			name = "[CP] Copy Pods Resources";
			outputPaths = (
			);
			runOnlyForDeploymentPostprocessing = 0;
			shellPath = /bin/sh;
			shellScript = "\"${SRCROOT}/Pods/Target Support Files/Pods-Parse Instagram Clone/Pods-Parse Instagram Clone-resources.sh\"\n";
			showEnvVarsInLog = 0;
		};
/* End PBXShellScriptBuildPhase section */

/* Begin PBXSourcesBuildPhase section */
		FC3FA54B1E48E281007BD089 /* Sources */ = {
			isa = PBXSourcesBuildPhase;
			buildActionMask = 2147483647;
			files = (
				FC3FA5671E48E429007BD089 /* signUpVC.swift in Sources */,
				FC3FA5691E490027007BD089 /* feedCell.swift in Sources */,
				FC3FA5571E48E281007BD089 /* uploadVC.swift in Sources */,
				FC3FA5531E48E281007BD089 /* AppDelegate.swift in Sources */,
				FC3FA5551E48E281007BD089 /* feedVC.swift in Sources */,
			);
			runOnlyForDeploymentPostprocessing = 0;
		};
/* End PBXSourcesBuildPhase section */

/* Begin PBXVariantGroup section */
		FC3FA5581E48E281007BD089 /* Main.storyboard */ = {
			isa = PBXVariantGroup;
			children = (
				FC3FA5591E48E281007BD089 /* Base */,
			);
			name = Main.storyboard;
			sourceTree = "<group>";
		};
		FC3FA55D1E48E281007BD089 /* LaunchScreen.storyboard */ = {
			isa = PBXVariantGroup;
			children = (
				FC3FA55E1E48E281007BD089 /* Base */,
			);
			name = LaunchScreen.storyboard;
			sourceTree = "<group>";
		};
/* End PBXVariantGroup section */

/* Begin XCBuildConfiguration section */
		FC3FA5611E48E281007BD089 /* Debug */ = {
			isa = XCBuildConfiguration;
			buildSettings = {
				ALWAYS_SEARCH_USER_PATHS = NO;
				CLANG_ANALYZER_NONNULL = YES;
				CLANG_CXX_LANGUAGE_STANDARD = "gnu++0x";
				CLANG_CXX_LIBRARY = "libc++";
				CLANG_ENABLE_MODULES = YES;
				CLANG_ENABLE_OBJC_ARC = YES;
				CLANG_WARN_BOOL_CONVERSION = YES;
				CLANG_WARN_CONSTANT_CONVERSION = YES;
				CLANG_WARN_DIRECT_OBJC_ISA_USAGE = YES_ERROR;
				CLANG_WARN_DOCUMENTATION_COMMENTS = YES;
				CLANG_WARN_EMPTY_BODY = YES;
				CLANG_WARN_ENUM_CONVERSION = YES;
				CLANG_WARN_INFINITE_RECURSION = YES;
				CLANG_WARN_INT_CONVERSION = YES;
				CLANG_WARN_OBJC_ROOT_CLASS = YES_ERROR;
				CLANG_WARN_SUSPICIOUS_MOVE = YES;
				CLANG_WARN_UNREACHABLE_CODE = YES;
				CLANG_WARN__DUPLICATE_METHOD_MATCH = YES;
				"CODE_SIGN_IDENTITY[sdk=iphoneos*]" = "iPhone Developer";
				COPY_PHASE_STRIP = NO;
				DEBUG_INFORMATION_FORMAT = dwarf;
				ENABLE_STRICT_OBJC_MSGSEND = YES;
				ENABLE_TESTABILITY = YES;
				GCC_C_LANGUAGE_STANDARD = gnu99;
				GCC_DYNAMIC_NO_PIC = NO;
				GCC_NO_COMMON_BLOCKS = YES;
				GCC_OPTIMIZATION_LEVEL = 0;
				GCC_PREPROCESSOR_DEFINITIONS = (
					"DEBUG=1",
					"$(inherited)",
				);
				GCC_WARN_64_TO_32_BIT_CONVERSION = YES;
				GCC_WARN_ABOUT_RETURN_TYPE = YES_ERROR;
				GCC_WARN_UNDECLARED_SELECTOR = YES;
				GCC_WARN_UNINITIALIZED_AUTOS = YES_AGGRESSIVE;
				GCC_WARN_UNUSED_FUNCTION = YES;
				GCC_WARN_UNUSED_VARIABLE = YES;
				IPHONEOS_DEPLOYMENT_TARGET = 10.2;
				MTL_ENABLE_DEBUG_INFO = YES;
				ONLY_ACTIVE_ARCH = YES;
				SDKROOT = iphoneos;
				SWIFT_ACTIVE_COMPILATION_CONDITIONS = DEBUG;
				SWIFT_OPTIMIZATION_LEVEL = "-Onone";
				TARGETED_DEVICE_FAMILY = "1,2";
			};
			name = Debug;
		};
		FC3FA5621E48E281007BD089 /* Release */ = {
			isa = XCBuildConfiguration;
			buildSettings = {
				ALWAYS_SEARCH_USER_PATHS = NO;
				CLANG_ANALYZER_NONNULL = YES;
				CLANG_CXX_LANGUAGE_STANDARD = "gnu++0x";
				CLANG_CXX_LIBRARY = "libc++";
				CLANG_ENABLE_MODULES = YES;
				CLANG_ENABLE_OBJC_ARC = YES;
				CLANG_WARN_BOOL_CONVERSION = YES;
				CLANG_WARN_CONSTANT_CONVERSION = YES;
				CLANG_WARN_DIRECT_OBJC_ISA_USAGE = YES_ERROR;
				CLANG_WARN_DOCUMENTATION_COMMENTS = YES;
				CLANG_WARN_EMPTY_BODY = YES;
				CLANG_WARN_ENUM_CONVERSION = YES;
				CLANG_WARN_INFINITE_RECURSION = YES;
				CLANG_WARN_INT_CONVERSION = YES;
				CLANG_WARN_OBJC_ROOT_CLASS = YES_ERROR;
				CLANG_WARN_SUSPICIOUS_MOVE = YES;
				CLANG_WARN_UNREACHABLE_CODE = YES;
				CLANG_WARN__DUPLICATE_METHOD_MATCH = YES;
				"CODE_SIGN_IDENTITY[sdk=iphoneos*]" = "iPhone Developer";
				COPY_PHASE_STRIP = NO;
				DEBUG_INFORMATION_FORMAT = "dwarf-with-dsym";
				ENABLE_NS_ASSERTIONS = NO;
				ENABLE_STRICT_OBJC_MSGSEND = YES;
				GCC_C_LANGUAGE_STANDARD = gnu99;
				GCC_NO_COMMON_BLOCKS = YES;
				GCC_WARN_64_TO_32_BIT_CONVERSION = YES;
				GCC_WARN_ABOUT_RETURN_TYPE = YES_ERROR;
				GCC_WARN_UNDECLARED_SELECTOR = YES;
				GCC_WARN_UNINITIALIZED_AUTOS = YES_AGGRESSIVE;
				GCC_WARN_UNUSED_FUNCTION = YES;
				GCC_WARN_UNUSED_VARIABLE = YES;
				IPHONEOS_DEPLOYMENT_TARGET = 10.2;
				MTL_ENABLE_DEBUG_INFO = NO;
				SDKROOT = iphoneos;
				SWIFT_OPTIMIZATION_LEVEL = "-Owholemodule";
				TARGETED_DEVICE_FAMILY = "1,2";
				VALIDATE_PRODUCT = YES;
			};
			name = Release;
		};
		FC3FA5641E48E281007BD089 /* Debug */ = {
			isa = XCBuildConfiguration;
			baseConfigurationReference = E55BB127CCDF158C83618107 /* Pods-Parse Instagram Clone.debug.xcconfig */;
			buildSettings = {
				ASSETCATALOG_COMPILER_APPICON_NAME = AppIcon;
				CODE_SIGN_ENTITLEMENTS = "Parse Instagram Clone/Parse Instagram Clone.entitlements";
				DEVELOPMENT_TEAM = 7SH627DBA4;
				INFOPLIST_FILE = "Parse Instagram Clone/Info.plist";
				LD_RUNPATH_SEARCH_PATHS = "$(inherited) @executable_path/Frameworks";
				PRODUCT_BUNDLE_IDENTIFIER = "com.atilsamancioglu.Parse-Instagram-Clone";
				PRODUCT_NAME = "$(TARGET_NAME)";
				SWIFT_VERSION = 3.0;
			};
			name = Debug;
		};
		FC3FA5651E48E281007BD089 /* Release */ = {
			isa = XCBuildConfiguration;
			baseConfigurationReference = C9E310B35800716A95271442 /* Pods-Parse Instagram Clone.release.xcconfig */;
			buildSettings = {
				ASSETCATALOG_COMPILER_APPICON_NAME = AppIcon;
				CODE_SIGN_ENTITLEMENTS = "Parse Instagram Clone/Parse Instagram Clone.entitlements";
				DEVELOPMENT_TEAM = 7SH627DBA4;
				INFOPLIST_FILE = "Parse Instagram Clone/Info.plist";
				LD_RUNPATH_SEARCH_PATHS = "$(inherited) @executable_path/Frameworks";
				PRODUCT_BUNDLE_IDENTIFIER = "com.atilsamancioglu.Parse-Instagram-Clone";
				PRODUCT_NAME = "$(TARGET_NAME)";
				SWIFT_VERSION = 3.0;
			};
			name = Release;
		};
/* End XCBuildConfiguration section */

/* Begin XCConfigurationList section */
		FC3FA54A1E48E281007BD089 /* Build configuration list for PBXProject "Parse Instagram Clone" */ = {
			isa = XCConfigurationList;
			buildConfigurations = (
				FC3FA5611E48E281007BD089 /* Debug */,
				FC3FA5621E48E281007BD089 /* Release */,
			);
			defaultConfigurationIsVisible = 0;
			defaultConfigurationName = Release;
		};
		FC3FA5631E48E281007BD089 /* Build configuration list for PBXNativeTarget "Parse Instagram Clone" */ = {
			isa = XCConfigurationList;
			buildConfigurations = (
				FC3FA5641E48E281007BD089 /* Debug */,
				FC3FA5651E48E281007BD089 /* Release */,
			);
			defaultConfigurationIsVisible = 0;
			defaultConfigurationName = Release;
		};
/* End XCConfigurationList section */
	};
	rootObject = FC3FA5471E48E281007BD089 /* Project object */;
}
